# This file was autogenerated by Juvix version 0.6.6.
# Do not edit this file manually.

version: 2
checksum: 7b5fe1315d023396af8a9944e0f6fddcd4e5dff09ae700744c78830a56836d77
dependencies:
- git:
    name: anoma_juvix-stdlib
    ref: 37d3dd74b78f0ec0c48c8adc44f5b99c6d068464
    url: https://github.com/anoma/juvix-stdlib
  dependencies: []
- git:
    name: anoma_juvix-test
    ref: 3103c41e055eb9018a851fd3688cd608cad8f55d
    url: https://github.com/anoma/juvix-test
  dependencies:
  - git:
      name: anoma_juvix-stdlib
      ref: 615a02c8107076ca9661c5234d41792be91a5104
      url: https://github.com/anoma/juvix-stdlib
    dependencies: []
- git:
    name: anoma_juvix-arm-specs
    ref: 33731a510a0c9e1eb077ef8140521184b89fd16d
    url: https://github.com/anoma/juvix-arm-specs
  dependencies:
  - git:
      name: anoma_juvix-stdlib
      ref: 37d3dd74b78f0ec0c48c8adc44f5b99c6d068464
      url: https://github.com/anoma/juvix-stdlib
    dependencies: []
- git:
    name: anoma_anoma-applib
    ref: 4282ca4cfc6a0815dcdf359e03fa59ca179f1356
    url: https://github.com/anoma/anoma-applib
  dependencies:
  - git:
      name: anoma_juvix-stdlib
      ref: 37d3dd74b78f0ec0c48c8adc44f5b99c6d068464
      url: https://github.com/anoma/juvix-stdlib
    dependencies: []
  - git:
      name: anoma_juvix-test
      ref: 3103c41e055eb9018a851fd3688cd608cad8f55d
      url: https://github.com/anoma/juvix-test
    dependencies:
    - git:
        name: anoma_juvix-stdlib
        ref: 615a02c8107076ca9661c5234d41792be91a5104
        url: https://github.com/anoma/juvix-stdlib
      dependencies: []
  - git:
      name: anoma_juvix-arm-specs
      ref: 33731a510a0c9e1eb077ef8140521184b89fd16d
      url: https://github.com/anoma/juvix-arm-specs
    dependencies:
    - git:
        name: anoma_juvix-stdlib
        ref: 37d3dd74b78f0ec0c48c8adc44f5b99c6d068464
        url: https://github.com/anoma/juvix-stdlib
      dependencies: []
